
Microsoft Visual Studio Solution File, Format Version 12.00
# Visual Studio Version 17
VisualStudioVersion = 17.6.33706.43
MinimumVisualStudioVersion = 10.0.40219.1
Project("{9A19103F-16F7-4668-BE54-9A1E7A4F7556}") = "Api", "Api\Api.csproj", "{13EE1FDE-36F6-4C37-B4BC-2D0A565C7857}"
EndProject
Project("{9A19103F-16F7-4668-BE54-9A1E7A4F7556}") = "Domain", "Domain\Domain.csproj", "{01BEE3D9-F1E4-42F8-AD61-3EBEEB78202A}"
EndProject
Project("{FAE04EC0-301F-11D3-BF4B-00C04F79EFBC}") = "Web", "Web\Web.csproj", "{F811935A-1688-47B6-B2A9-0419817A5928}"
	ProjectSection(ProjectDependencies) = postProject
		{01BEE3D9-F1E4-42F8-AD61-3EBEEB78202A} = {01BEE3D9-F1E4-42F8-AD61-3EBEEB78202A}
	EndProjectSection
EndProject
Global
	GlobalSection(SolutionConfigurationPlatforms) = preSolution
		Debug|Any CPU = Debug|Any CPU
		Release|Any CPU = Release|Any CPU
	EndGlobalSection
	GlobalSection(ProjectConfigurationPlatforms) = postSolution
		{13EE1FDE-36F6-4C37-B4BC-2D0A565C7857}.Debug|Any CPU.ActiveCfg = Debug|Any CPU
		{13EE1FDE-36F6-4C37-B4BC-2D0A565C7857}.Debug|Any CPU.Build.0 = Debug|Any CPU
		{13EE1FDE-36F6-4C37-B4BC-2D0A565C7857}.Release|Any CPU.ActiveCfg = Release|Any CPU
		{13EE1FDE-36F6-4C37-B4BC-2D0A565C7857}.Release|Any CPU.Build.0 = Release|Any CPU
		{01BEE3D9-F1E4-42F8-AD61-3EBEEB78202A}.Debug|Any CPU.ActiveCfg = Debug|Any CPU
		{01BEE3D9-F1E4-42F8-AD61-3EBEEB78202A}.Debug|Any CPU.Build.0 = Debug|Any CPU
		{01BEE3D9-F1E4-42F8-AD61-3EBEEB78202A}.Release|Any CPU.ActiveCfg = Release|Any CPU
		{01BEE3D9-F1E4-42F8-AD61-3EBEEB78202A}.Release|Any CPU.Build.0 = Release|Any CPU
		{F811935A-1688-47B6-B2A9-0419817A5928}.Debug|Any CPU.ActiveCfg = Debug|Any CPU
		{F811935A-1688-47B6-B2A9-0419817A5928}.Debug|Any CPU.Build.0 = Debug|Any CPU
		{F811935A-1688-47B6-B2A9-0419817A5928}.Release|Any CPU.ActiveCfg = Release|Any CPU
		{F811935A-1688-47B6-B2A9-0419817A5928}.Release|Any CPU.Build.0 = Release|Any CPU
	EndGlobalSection
	GlobalSection(SolutionProperties) = preSolution
		HideSolutionNode = FALSE
	EndGlobalSection
	GlobalSection(ExtensibilityGlobals) = postSolution
		SolutionGuid = {734DE85D-59A5-47F5-BE53-CD0DBCBDB458}
	EndGlobalSection
EndGlobal
