
Microsoft Visual Studio Solution File, Format Version 12.00
# Visual Studio Version 17
VisualStudioVersion = 17.6.33706.43
MinimumVisualStudioVersion = 10.0.40219.1
Project("{FAE04EC0-301F-11D3-BF4B-00C04F79EFBC}") = "EchoTest", "EchoTest.csproj", "{13EE1FDE-36F6-4C37-B4BC-2D0A565C7857}"
EndProject
Global
	GlobalSection(SolutionConfigurationPlatforms) = preSolution
		Debug|Any CPU = Debug|Any CPU
		Release|Any CPU = Release|Any CPU
	EndGlobalSection
	GlobalSection(ProjectConfigurationPlatforms) = postSolution
		{13EE1FDE-36F6-4C37-B4BC-2D0A565C7857}.Debug|Any CPU.ActiveCfg = Debug|Any CPU
		{13EE1FDE-36F6-4C37-B4BC-2D0A565C7857}.Debug|Any CPU.Build.0 = Debug|Any CPU
		{13EE1FDE-36F6-4C37-B4BC-2D0A565C7857}.Release|Any CPU.ActiveCfg = Release|Any CPU
		{13EE1FDE-36F6-4C37-B4BC-2D0A565C7857}.Release|Any CPU.Build.0 = Release|Any CPU
	EndGlobalSection
	GlobalSection(SolutionProperties) = preSolution
		HideSolutionNode = FALSE
	EndGlobalSection
	GlobalSection(ExtensibilityGlobals) = postSolution
		SolutionGuid = {734DE85D-59A5-47F5-BE53-CD0DBCBDB458}
	EndGlobalSection
EndGlobal
